
Microsoft Visual Studio Solution File, Format Version 12.00
# Visual Studio Version 16
VisualStudioVersion = 16.0.30711.63
MinimumVisualStudioVersion = 10.0.40219.1
Project("{FAE04EC0-301F-11D3-BF4B-00C04F79EFBC}") = "WEB", "WEB\WEB.csproj", "{ECC447C1-B582-4D1D-B499-6F12728049A8}"
EndProject
Global
	GlobalSection(SolutionConfigurationPlatforms) = preSolution
		Debug|Any CPU = Debug|Any CPU
		Release|Any CPU = Release|Any CPU
	EndGlobalSection
	GlobalSection(ProjectConfigurationPlatforms) = postSolution
		{ECC447C1-B582-4D1D-B499-6F12728049A8}.Debug|Any CPU.ActiveCfg = Debug|Any CPU
		{ECC447C1-B582-4D1D-B499-6F12728049A8}.Debug|Any CPU.Build.0 = Debug|Any CPU
		{ECC447C1-B582-4D1D-B499-6F12728049A8}.Release|Any CPU.ActiveCfg = Release|Any CPU
		{ECC447C1-B582-4D1D-B499-6F12728049A8}.Release|Any CPU.Build.0 = Release|Any CPU
	EndGlobalSection
	GlobalSection(SolutionProperties) = preSolution
		HideSolutionNode = FALSE
	EndGlobalSection
	GlobalSection(ExtensibilityGlobals) = postSolution
		SolutionGuid = {F9989B72-4B09-46DE-BEDC-BD13F138F9D9}
	EndGlobalSection
EndGlobal
